{
  "lockfile_version": "1",
  "packages": {
    "atuin@latest": {
      "last_modified": "2025-12-31T03:27:36Z",
      "resolved": "github:NixOS/nixpkgs/f665af0cdb70ed27e1bd8f9fdfecaf451260fc55#atuin",
      "source": "devbox-search",
      "version": "18.10.0",
      "systems": {
        "aarch64-darwin": {
          "outputs": [
            {
              "name": "out",
              "path": "/nix/store/63ybni7bvq0r1nryxl2pi54mn44hpvb5-atuin-18.10.0",
              "default": true
            }
          ],
          "store_path": "/nix/store/63ybni7bvq0r1nryxl2pi54mn44hpvb5-atuin-18.10.0"
        },
        "aarch64-linux": {
          "outputs": [
            {
              "name": "out",
              "path": "/nix/store/p72pd5l8hznadf3w7630fa4cljvrb1ib-atuin-18.10.0",
              "default": true
            }
          ],
          "store_path": "/nix/store/p72pd5l8hznadf3w7630fa4cljvrb1ib-atuin-18.10.0"
        },
        "x86_64-darwin": {
          "outputs": [
            {
              "name": "out",
              "path": "/nix/store/mdak1qymrwyhi0w1fz5lx8vnml2cl09x-atuin-18.10.0",
              "default": true
            }
          ],
          "store_path": "/nix/store/mdak1qymrwyhi0w1fz5lx8vnml2cl09x-atuin-18.10.0"
        },
        "x86_64-linux": {
          "outputs": [
            {
              "name": "out",
              "path": "/nix/store/8nkg0iiizvv7rsqmgfbm4sa89ihk5jzm-atuin-18.10.0",
              "default": true
            }
          ],
          "store_path": "/nix/store/8nkg0iiizvv7rsqmgfbm4sa89ihk5jzm-atuin-18.10.0"
        }
      }
    },
    "cargo@latest": {
      "last_modified": "2025-12-31T03:27:36Z",
      "resolved": "github:NixOS/nixpkgs/f665af0cdb70ed27e1bd8f9fdfecaf451260fc55#cargo",
      "source": "devbox-search",
      "version": "1.91.1",
      "systems": {
        "aarch64-darwin": {
          "outputs": [
            {
              "name": "out",
              "path": "/nix/store/cqggkkzy67afdy26s64nddzhq048awjc-cargo-1.91.1",
              "default": true
            }
          ],
          "store_path": "/nix/store/cqggkkzy67afdy26s64nddzhq048awjc-cargo-1.91.1"
        },
        "aarch64-linux": {
          "outputs": [
            {
              "name": "out",
              "path": "/nix/store/fkzkn31qravdf6gn93f1gbi7rwvyk344-cargo-1.91.1",
              "default": true
            }
          ],
          "store_path": "/nix/store/fkzkn31qravdf6gn93f1gbi7rwvyk344-cargo-1.91.1"
        },
        "x86_64-darwin": {
          "outputs": [
            {
              "name": "out",
              "path": "/nix/store/7xj3lfil8b90a9mppfn6fs038xbhfq0b-cargo-1.91.1",
              "default": true
            }
          ],
          "store_path": "/nix/store/7xj3lfil8b90a9mppfn6fs038xbhfq0b-cargo-1.91.1"
        },
        "x86_64-linux": {
          "outputs": [
            {
              "name": "out",
              "path": "/nix/store/9db7xb1axdgqp4lakdxbp27yh7kfvm0b-cargo-1.91.1",
              "default": true
            }
          ],
          "store_path": "/nix/store/9db7xb1axdgqp4lakdxbp27yh7kfvm0b-cargo-1.91.1"
        }
      }
    },
    "coreutils@latest": {
      "last_modified": "2025-12-31T03:27:36Z",
      "resolved": "github:NixOS/nixpkgs/f665af0cdb70ed27e1bd8f9fdfecaf451260fc55#coreutils",
      "source": "devbox-search",
      "version": "9.8",
      "systems": {
        "aarch64-darwin": {
          "outputs": [
            {
              "name": "out",
              "path": "/nix/store/l60153ymb6kdnavlpaghi7h5fz7gh7iw-coreutils-9.8",
              "default": true
            },
            {
              "name": "info",
              "path": "/nix/store/l10a9szzdyj4f7s4k7bz095hg7sa9yqf-coreutils-9.8-info"
            }
          ],
          "store_path": "/nix/store/l60153ymb6kdnavlpaghi7h5fz7gh7iw-coreutils-9.8"
        },
        "aarch64-linux": {
          "outputs": [
            {
              "name": "out",
              "path": "/nix/store/843ahdalwl120986c7ilk5q1c47biyap-coreutils-9.8",
              "default": true
            },
            {
              "name": "debug",
              "path": "/nix/store/7v9sy1kpasb3g1yj8mh5nlz9iajp68jw-coreutils-9.8-debug"
            },
            {
              "name": "info",
              "path": "/nix/store/24zy33w0r2baj4frfp39w0qch3k463gy-coreutils-9.8-info"
            }
          ],
          "store_path": "/nix/store/843ahdalwl120986c7ilk5q1c47biyap-coreutils-9.8"
        },
        "x86_64-darwin": {
          "outputs": [
            {
              "name": "out",
              "path": "/nix/store/i5j9js9ip06p0qjfrgrlv127bz4pdhy5-coreutils-9.8",
              "default": true
            },
            {
              "name": "info",
              "path": "/nix/store/5lwyqgyd3xf0hg8rd26shj9malp9lpqw-coreutils-9.8-info"
            }
          ],
          "store_path": "/nix/store/i5j9js9ip06p0qjfrgrlv127bz4pdhy5-coreutils-9.8"
        },
        "x86_64-linux": {
          "outputs": [
            {
              "name": "out",
              "path": "/nix/store/d75200gb22v7p0703h5jrkgg8bqydk5q-coreutils-9.8",
              "default": true
            },
            {
              "name": "info",
              "path": "/nix/store/f6kvimj4nmb89syl4pm61vdld7dvq6hm-coreutils-9.8-info"
            },
            {
              "name": "debug",
              "path": "/nix/store/75w8ha5j0a84j3bznvak84qg51hdvwqf-coreutils-9.8-debug"
            }
          ],
          "store_path": "/nix/store/d75200gb22v7p0703h5jrkgg8bqydk5q-coreutils-9.8"
        }
      }
    },
    "fd@latest": {
      "last_modified": "2025-12-31T03:27:36Z",
      "resolved": "github:NixOS/nixpkgs/f665af0cdb70ed27e1bd8f9fdfecaf451260fc55#fd",
      "source": "devbox-search",
      "version": "10.3.0",
      "systems": {
        "aarch64-darwin": {
          "outputs": [
            {
              "name": "out",
              "path": "/nix/store/zc0027xm116rwk8xd4hxs24zx4kn6lqz-fd-10.3.0",
              "default": true
            }
          ],
          "store_path": "/nix/store/zc0027xm116rwk8xd4hxs24zx4kn6lqz-fd-10.3.0"
        },
        "aarch64-linux": {
          "outputs": [
            {
              "name": "out",
              "path": "/nix/store/x024qmfmn7y8ibv4slq777gxsiprgzia-fd-10.3.0",
              "default": true
            }
          ],
          "store_path": "/nix/store/x024qmfmn7y8ibv4slq777gxsiprgzia-fd-10.3.0"
        },
        "x86_64-darwin": {
          "outputs": [
            {
              "name": "out",
              "path": "/nix/store/33ync5218kn35vxl4lkmwiyy8gnrqhyx-fd-10.3.0",
              "default": true
            }
          ],
          "store_path": "/nix/store/33ync5218kn35vxl4lkmwiyy8gnrqhyx-fd-10.3.0"
        },
        "x86_64-linux": {
          "outputs": [
            {
              "name": "out",
              "path": "/nix/store/qb9d3fma2z9xgf57bj44ygxak6s1bvw9-fd-10.3.0",
              "default": true
            }
          ],
          "store_path": "/nix/store/qb9d3fma2z9xgf57bj44ygxak6s1bvw9-fd-10.3.0"
        }
      }
    },
    "fzf@latest": {
      "last_modified": "2025-12-31T03:27:36Z",
      "resolved": "github:NixOS/nixpkgs/f665af0cdb70ed27e1bd8f9fdfecaf451260fc55#fzf",
      "source": "devbox-search",
      "version": "0.67.0",
      "systems": {
        "aarch64-darwin": {
          "outputs": [
            {
              "name": "out",
              "path": "/nix/store/2qzpswmq7v8zdq12cbh65r156c77fr1h-fzf-0.67.0",
              "default": true
            },
            {
              "name": "man",
              "path": "/nix/store/jlkbrm0pg71aianml6dszih5ab29hv44-fzf-0.67.0-man",
              "default": true
            }
          ],
          "store_path": "/nix/store/2qzpswmq7v8zdq12cbh65r156c77fr1h-fzf-0.67.0"
        },
        "aarch64-linux": {
          "outputs": [
            {
              "name": "out",
              "path": "/nix/store/3n5pb67fnmagqz47slzxyhvk2dl4x2di-fzf-0.67.0",
              "default": true
            },
            {
              "name": "man",
              "path": "/nix/store/0adh9s8yff51dbsmz2am915gxjzvfbbx-fzf-0.67.0-man",
              "default": true
            }
          ],
          "store_path": "/nix/store/3n5pb67fnmagqz47slzxyhvk2dl4x2di-fzf-0.67.0"
        },
        "x86_64-darwin": {
          "outputs": [
            {
              "name": "out",
              "path": "/nix/store/zh7bq0z62yj2y7i8i7r6v1p8xdqiawxm-fzf-0.67.0",
              "default": true
            },
            {
              "name": "man",
              "path": "/nix/store/y5nznx4gs09sklfj9bczcyba9xm6hh1p-fzf-0.67.0-man",
              "default": true
            }
          ],
          "store_path": "/nix/store/zh7bq0z62yj2y7i8i7r6v1p8xdqiawxm-fzf-0.67.0"
        },
        "x86_64-linux": {
          "outputs": [
            {
              "name": "out",
              "path": "/nix/store/9fa7g1ykblq2xa6hh82nz8yl4p90x0sh-fzf-0.67.0",
              "default": true
            },
            {
              "name": "man",
              "path": "/nix/store/71f3kmdyzgjj9sa2h12h9mfs2akb4c4q-fzf-0.67.0-man",
              "default": true
            }
          ],
          "store_path": "/nix/store/9fa7g1ykblq2xa6hh82nz8yl4p90x0sh-fzf-0.67.0"
        }
      }
    },
    "gcc@latest": {
      "last_modified": "2025-12-31T03:27:36Z",
      "resolved": "github:NixOS/nixpkgs/f665af0cdb70ed27e1bd8f9fdfecaf451260fc55#gcc",
      "source": "devbox-search",
      "version": "15.2.0",
      "systems": {
        "aarch64-darwin": {
          "outputs": [
            {
              "name": "out",
              "path": "/nix/store/cjkf5fm587xv34pz9zfs3q2qpvij61fz-gcc-wrapper-15.2.0",
              "default": true
            },
            {
              "name": "man",
              "path": "/nix/store/n9c07ydj81mzvxl4fyv71sr0bh6hlqx7-gcc-wrapper-15.2.0-man",
              "default": true
            },
            {
              "name": "info",
              "path": "/nix/store/r086c97c0vkdq9n8dnpm5zjbhnqs96i5-gcc-wrapper-15.2.0-info"
            }
          ],
          "store_path": "/nix/store/cjkf5fm587xv34pz9zfs3q2qpvij61fz-gcc-wrapper-15.2.0"
        },
        "aarch64-linux": {
          "outputs": [
            {
              "name": "out",
              "path": "/nix/store/484f8q8xa48icqgdq9b67vhq8clcqjy9-gcc-wrapper-15.2.0",
              "default": true
            },
            {
              "name": "man",
              "path": "/nix/store/i5w0g1mv1gsjqwb88s676h7r6bf0dkck-gcc-wrapper-15.2.0-man",
              "default": true
            },
            {
              "name": "info",
              "path": "/nix/store/wwsyxl18xjb1f6pg2xv69agggcyp5zqm-gcc-wrapper-15.2.0-info"
            }
          ],
          "store_path": "/nix/store/484f8q8xa48icqgdq9b67vhq8clcqjy9-gcc-wrapper-15.2.0"
        },
        "x86_64-darwin": {
          "outputs": [
            {
              "name": "out",
              "path": "/nix/store/gda582qvway6j4vzb59mcj0gyd27hn74-gcc-wrapper-15.2.0",
              "default": true
            },
            {
              "name": "man",
              "path": "/nix/store/32lvjag88g789138a1z93bid19cs63ih-gcc-wrapper-15.2.0-man",
              "default": true
            },
            {
              "name": "info",
              "path": "/nix/store/zb55nrn2w6nd97vxgwn8j9xsb1s114mv-gcc-wrapper-15.2.0-info"
            }
          ],
          "store_path": "/nix/store/gda582qvway6j4vzb59mcj0gyd27hn74-gcc-wrapper-15.2.0"
        },
        "x86_64-linux": {
          "outputs": [
            {
              "name": "out",
              "path": "/nix/store/r9wbjib6xxjkyb9yvjvrkl4sq61i2lyn-gcc-wrapper-15.2.0",
              "default": true
            },
            {
              "name": "man",
              "path": "/nix/store/q6dzfz3cm4s2pd55zmmb8jrjlzsr82jp-gcc-wrapper-15.2.0-man",
              "default": true
            },
            {
              "name": "info",
              "path": "/nix/store/6jgb7knb0y6df1ni0kiwbmzg8kp193sk-gcc-wrapper-15.2.0-info"
            }
          ],
          "store_path": "/nix/store/r9wbjib6xxjkyb9yvjvrkl4sq61i2lyn-gcc-wrapper-15.2.0"
        }
      }
    },
    "git@latest": {
      "last_modified": "2025-12-31T03:27:36Z",
      "resolved": "github:NixOS/nixpkgs/f665af0cdb70ed27e1bd8f9fdfecaf451260fc55#git",
      "source": "devbox-search",
      "version": "2.52.0",
      "systems": {
        "aarch64-darwin": {
          "outputs": [
            {
              "name": "out",
              "path": "/nix/store/1xy62wrp3m91snd3cazxgg0yrplb6sav-git-2.52.0",
              "default": true
            },
            {
              "name": "doc",
              "path": "/nix/store/1518yqnr4z0p65jfv8skw2qwc30ad5la-git-2.52.0-doc"
            }
          ],
          "store_path": "/nix/store/1xy62wrp3m91snd3cazxgg0yrplb6sav-git-2.52.0"
        },
        "aarch64-linux": {
          "outputs": [
            {
              "name": "out",
              "path": "/nix/store/mfbr42w740arf759n51nhki221lang5z-git-2.52.0",
              "default": true
            },
            {
              "name": "doc",
              "path": "/nix/store/lm1plgvh8qlv0amm8wiz8l00ky298hws-git-2.52.0-doc"
            },
            {
              "name": "debug",
              "path": "/nix/store/q0lq2fczq1y9q9028k4ripf38mfy3n42-git-2.52.0-debug"
            }
          ],
          "store_path": "/nix/store/mfbr42w740arf759n51nhki221lang5z-git-2.52.0"
        },
        "x86_64-darwin": {
          "outputs": [
            {
              "name": "out",
              "path": "/nix/store/0lxp1s4hb0xb0di1a5jg08rr8hk0cvz8-git-2.52.0",
              "default": true
            },
            {
              "name": "doc",
              "path": "/nix/store/a9903b6q3clvx61l8drkpr262fb5qmik-git-2.52.0-doc"
            }
          ],
          "store_path": "/nix/store/0lxp1s4hb0xb0di1a5jg08rr8hk0cvz8-git-2.52.0"
        },
        "x86_64-linux": {
          "outputs": [
            {
              "name": "out",
              "path": "/nix/store/fryiyyhhilpqhx2wc4b6l5gnxc8w18rg-git-2.52.0",
              "default": true
            },
            {
              "name": "debug",
              "path": "/nix/store/q6m51s4q8kddlh9b9rb63v1yqvlv3xgp-git-2.52.0-debug"
            },
            {
              "name": "doc",
              "path": "/nix/store/n4zq81winwf8d5y2ra7fjznwl6cnhggz-git-2.52.0-doc"
            }
          ],
          "store_path": "/nix/store/fryiyyhhilpqhx2wc4b6l5gnxc8w18rg-git-2.52.0"
        }
      }
    },
    "github:NixOS/nixpkgs/nixpkgs-unstable": {
      "last_modified": "2026-01-02T14:39:32Z",
      "resolved": "github:NixOS/nixpkgs/16c7794d0a28b5a37904d55bcca36003b9109aaa?lastModified=1767364772"
    },
    "gnumake@latest": {
      "last_modified": "2025-12-31T03:27:36Z",
      "resolved": "github:NixOS/nixpkgs/f665af0cdb70ed27e1bd8f9fdfecaf451260fc55#gnumake",
      "source": "devbox-search",
      "version": "4.4.1",
      "systems": {
        "aarch64-darwin": {
          "outputs": [
            {
              "name": "out",
              "path": "/nix/store/p15ia8pn2wxzdqaf07nrwdspfwsyrzyn-gnumake-4.4.1",
              "default": true
            },
            {
              "name": "man",
              "path": "/nix/store/b5lxm0lk6x1bix95n07cz810qfli84c5-gnumake-4.4.1-man",
              "default": true
            },
            {
              "name": "info",
              "path": "/nix/store/mmvr4hwsambcigjihl7lf3aiprhkdcd2-gnumake-4.4.1-info"
            }
          ],
          "store_path": "/nix/store/p15ia8pn2wxzdqaf07nrwdspfwsyrzyn-gnumake-4.4.1"
        },
        "aarch64-linux": {
          "outputs": [
            {
              "name": "out",
              "path": "/nix/store/644anc4jyqal79d739mwr5bxznb1i5qx-gnumake-4.4.1",
              "default": true
            },
            {
              "name": "man",
              "path": "/nix/store/3nailcskmiij9a4hb6dihaf0hqsfy7kg-gnumake-4.4.1-man",
              "default": true
            },
            {
              "name": "debug",
              "path": "/nix/store/nzgvdhdnqcg0bpcq4k2aa2zd5qmwgg9x-gnumake-4.4.1-debug"
            },
            {
              "name": "info",
              "path": "/nix/store/ij1n1xja5ixfhv4fqi5j8xlkbc80n1lc-gnumake-4.4.1-info"
            }
          ],
          "store_path": "/nix/store/644anc4jyqal79d739mwr5bxznb1i5qx-gnumake-4.4.1"
        },
        "x86_64-darwin": {
          "outputs": [
            {
              "name": "out",
              "path": "/nix/store/w1zxhygdjxaff1rrp6na4qkh9x4aks8p-gnumake-4.4.1",
              "default": true
            },
            {
              "name": "man",
              "path": "/nix/store/rv8sy3pwwdn90a5vzk47rm5rx8q040dc-gnumake-4.4.1-man",
              "default": true
            },
            {
              "name": "info",
              "path": "/nix/store/rbyz3pnr7n8wprrhy588siv2csisr5va-gnumake-4.4.1-info"
            }
          ],
          "store_path": "/nix/store/w1zxhygdjxaff1rrp6na4qkh9x4aks8p-gnumake-4.4.1"
        },
        "x86_64-linux": {
          "outputs": [
            {
              "name": "out",
              "path": "/nix/store/n5m6p0j4anvf5cyy79nb2qn7smkzs176-gnumake-4.4.1",
              "default": true
            },
            {
              "name": "man",
              "path": "/nix/store/9l7klscdz1cf1wdhm6ihd0as6dxlxg72-gnumake-4.4.1-man",
              "default": true
            },
            {
              "name": "debug",
              "path": "/nix/store/sg196gmr26wc93qj8ajzr5nw5hy54hfq-gnumake-4.4.1-debug"
            },
            {
              "name": "info",
              "path": "/nix/store/mcbi0v4cy602a08rkaxl3w3r3k1qmds2-gnumake-4.4.1-info"
            }
          ],
          "store_path": "/nix/store/n5m6p0j4anvf5cyy79nb2qn7smkzs176-gnumake-4.4.1"
        }
      }
    },
    "imagemagick@latest": {
      "last_modified": "2026-01-02T14:39:32Z",
      "resolved": "github:NixOS/nixpkgs/16c7794d0a28b5a37904d55bcca36003b9109aaa#imagemagick",
      "source": "devbox-search",
      "version": "7.1.2-11",
      "systems": {
        "aarch64-darwin": {
          "outputs": [
            {
              "name": "out",
              "path": "/nix/store/fq59i9l5chsnhxh1ahj22df3if39vg0x-imagemagick-7.1.2-11",
              "default": true
            },
            {
              "name": "dev",
              "path": "/nix/store/h62nffpg06sg3z8m1f8zylh18bf73rns-imagemagick-7.1.2-11-dev"
            },
            {
              "name": "doc",
              "path": "/nix/store/fpnfkb98b4914f5rhi3wb4nns37s9qlg-imagemagick-7.1.2-11-doc"
            }
          ],
          "store_path": "/nix/store/fq59i9l5chsnhxh1ahj22df3if39vg0x-imagemagick-7.1.2-11"
        },
        "aarch64-linux": {
          "outputs": [
            {
              "name": "out",
              "path": "/nix/store/jgxnhc6dd5s5vn0k0blf6csyi0vab8fd-imagemagick-7.1.2-11",
              "default": true
            },
            {
              "name": "dev",
              "path": "/nix/store/c3mzw08f2sywj5pcqfyvp2vg3paf0acn-imagemagick-7.1.2-11-dev"
            },
            {
              "name": "doc",
              "path": "/nix/store/p461inbsj7x41shq5nz2c6giqsxwj4aq-imagemagick-7.1.2-11-doc"
            }
          ],
          "store_path": "/nix/store/jgxnhc6dd5s5vn0k0blf6csyi0vab8fd-imagemagick-7.1.2-11"
        },
        "x86_64-darwin": {
          "outputs": [
            {
              "name": "out",
              "path": "/nix/store/v00m47mxdmx2fzvxjg9147qqcvmdnybj-imagemagick-7.1.2-11",
              "default": true
            },
            {
              "name": "dev",
              "path": "/nix/store/r4a0ydcxifpifh1r9z6s4grc8pdwzgvr-imagemagick-7.1.2-11-dev"
            },
            {
              "name": "doc",
              "path": "/nix/store/mv4avnfgxsf517llf0f4h9ag74pchga0-imagemagick-7.1.2-11-doc"
            }
          ],
          "store_path": "/nix/store/v00m47mxdmx2fzvxjg9147qqcvmdnybj-imagemagick-7.1.2-11"
        },
        "x86_64-linux": {
          "outputs": [
            {
              "name": "out",
              "path": "/nix/store/dfj4g2rpz8yf1g6ybj7d37p4kmwsl772-imagemagick-7.1.2-11",
              "default": true
            },
            {
              "name": "doc",
              "path": "/nix/store/y4ncgbx0fwj3fn0j8q71fb1dk5jplzd1-imagemagick-7.1.2-11-doc"
            },
            {
              "name": "dev",
              "path": "/nix/store/47y76bq8qcnpxizqgl0c0j15s7ciix5r-imagemagick-7.1.2-11-dev"
            }
          ],
          "store_path": "/nix/store/dfj4g2rpz8yf1g6ybj7d37p4kmwsl772-imagemagick-7.1.2-11"
        }
      }
    },
    "lazygit@latest": {
      "last_modified": "2025-12-31T03:27:36Z",
      "resolved": "github:NixOS/nixpkgs/f665af0cdb70ed27e1bd8f9fdfecaf451260fc55#lazygit",
      "source": "devbox-search",
      "version": "0.57.0",
      "systems": {
        "aarch64-darwin": {
          "outputs": [
            {
              "name": "out",
              "path": "/nix/store/zh978s85r6qi19x6n50pa3gljf7sbzg1-lazygit-0.57.0",
              "default": true
            }
          ],
          "store_path": "/nix/store/zh978s85r6qi19x6n50pa3gljf7sbzg1-lazygit-0.57.0"
        },
        "aarch64-linux": {
          "outputs": [
            {
              "name": "out",
              "path": "/nix/store/6wjxq3419n9ag1l2yyl8hb0cg34r5ngk-lazygit-0.57.0",
              "default": true
            }
          ],
          "store_path": "/nix/store/6wjxq3419n9ag1l2yyl8hb0cg34r5ngk-lazygit-0.57.0"
        },
        "x86_64-darwin": {
          "outputs": [
            {
              "name": "out",
              "path": "/nix/store/1dc6gkbxi90b6p55dpfm2c661h8m3y9n-lazygit-0.57.0",
              "default": true
            }
          ],
          "store_path": "/nix/store/1dc6gkbxi90b6p55dpfm2c661h8m3y9n-lazygit-0.57.0"
        },
        "x86_64-linux": {
          "outputs": [
            {
              "name": "out",
              "path": "/nix/store/r9rib3gnz002zz3z6qab8qgr2r4qs665-lazygit-0.57.0",
              "default": true
            }
          ],
          "store_path": "/nix/store/r9rib3gnz002zz3z6qab8qgr2r4qs665-lazygit-0.57.0"
        }
      }
    },
    "lolcat@latest": {
      "last_modified": "2025-12-31T03:27:36Z",
      "resolved": "github:NixOS/nixpkgs/f665af0cdb70ed27e1bd8f9fdfecaf451260fc55#lolcat",
      "source": "devbox-search",
      "version": "100.0.1",
      "systems": {
        "aarch64-darwin": {
          "outputs": [
            {
              "name": "out",
              "path": "/nix/store/3gv7pd8sxvb6jnaawasbs1ai9n87a4hh-lolcat-100.0.1",
              "default": true
            }
          ],
          "store_path": "/nix/store/3gv7pd8sxvb6jnaawasbs1ai9n87a4hh-lolcat-100.0.1"
        },
        "aarch64-linux": {
          "outputs": [
            {
              "name": "out",
              "path": "/nix/store/c3gwxdr9zwzbbczrrzrys90hnbsl69l3-lolcat-100.0.1",
              "default": true
            }
          ],
          "store_path": "/nix/store/c3gwxdr9zwzbbczrrzrys90hnbsl69l3-lolcat-100.0.1"
        },
        "x86_64-darwin": {
          "outputs": [
            {
              "name": "out",
              "path": "/nix/store/89n9jyfs50fanimrf9m3053z8zv5mldq-lolcat-100.0.1",
              "default": true
            }
          ],
          "store_path": "/nix/store/89n9jyfs50fanimrf9m3053z8zv5mldq-lolcat-100.0.1"
        },
        "x86_64-linux": {
          "outputs": [
            {
              "name": "out",
              "path": "/nix/store/7y7sk7xs1gbzkvd8q1j82paz92x196y7-lolcat-100.0.1",
              "default": true
            }
          ],
          "store_path": "/nix/store/7y7sk7xs1gbzkvd8q1j82paz92x196y7-lolcat-100.0.1"
        }
      }
    },
    "lua@latest": {
      "last_modified": "2025-12-31T03:27:36Z",
      "resolved": "github:NixOS/nixpkgs/f665af0cdb70ed27e1bd8f9fdfecaf451260fc55#lua",
      "source": "devbox-search",
      "version": "5.2.4",
      "systems": {
        "aarch64-darwin": {
          "outputs": [
            {
              "name": "out",
              "path": "/nix/store/x8ain9193yl3k10mk0bi667qp5iwk03w-lua-5.2.4",
              "default": true
            },
            {
              "name": "doc",
              "path": "/nix/store/5j1wgsifnk6sz0pyv0254x0f4yyqdz09-lua-5.2.4-doc"
            }
          ],
          "store_path": "/nix/store/x8ain9193yl3k10mk0bi667qp5iwk03w-lua-5.2.4"
        },
        "aarch64-linux": {
          "outputs": [
            {
              "name": "out",
              "path": "/nix/store/9w55xgjvc541qdrpk1zbyn61xcfvz2j0-lua-5.2.4",
              "default": true
            },
            {
              "name": "doc",
              "path": "/nix/store/ckss20zqa3h7czc7r5wig3byc41mx5jk-lua-5.2.4-doc"
            }
          ],
          "store_path": "/nix/store/9w55xgjvc541qdrpk1zbyn61xcfvz2j0-lua-5.2.4"
        },
        "x86_64-darwin": {
          "outputs": [
            {
              "name": "out",
              "path": "/nix/store/rrdy6hnffd7072k8k83xk8ww62n9zx41-lua-5.2.4",
              "default": true
            },
            {
              "name": "doc",
              "path": "/nix/store/zm45cxyxb1n03d0ld034i6kk671jkhzp-lua-5.2.4-doc"
            }
          ],
          "store_path": "/nix/store/rrdy6hnffd7072k8k83xk8ww62n9zx41-lua-5.2.4"
        },
        "x86_64-linux": {
          "outputs": [
            {
              "name": "out",
              "path": "/nix/store/a5qspnbqql1b5ri098rq0ywpf86jp9m5-lua-5.2.4",
              "default": true
            },
            {
              "name": "doc",
              "path": "/nix/store/f57qqv3grsvdx8yxgvmvrqclvqiki2pp-lua-5.2.4-doc"
            }
          ],
          "store_path": "/nix/store/a5qspnbqql1b5ri098rq0ywpf86jp9m5-lua-5.2.4"
        }
      }
    },
    "neovim@latest": {
      "last_modified": "2025-12-31T03:27:36Z",
      "resolved": "github:NixOS/nixpkgs/f665af0cdb70ed27e1bd8f9fdfecaf451260fc55#neovim",
      "source": "devbox-search",
      "version": "0.11.5",
      "systems": {
        "aarch64-darwin": {
          "outputs": [
            {
              "name": "out",
              "path": "/nix/store/wsr62a5zc7a8wchq1zs1y1y4irs5cd36-neovim-0.11.5",
              "default": true
            }
          ],
          "store_path": "/nix/store/wsr62a5zc7a8wchq1zs1y1y4irs5cd36-neovim-0.11.5"
        },
        "aarch64-linux": {
          "outputs": [
            {
              "name": "out",
              "path": "/nix/store/cx0pndc8af0rr66bl5k921zk7291ngmn-neovim-0.11.5",
              "default": true
            }
          ],
          "store_path": "/nix/store/cx0pndc8af0rr66bl5k921zk7291ngmn-neovim-0.11.5"
        },
        "x86_64-darwin": {
          "outputs": [
            {
              "name": "out",
              "path": "/nix/store/b1j5zvji8x8vygl7hc9lxdb01fv0cw46-neovim-0.11.5",
              "default": true
            }
          ],
          "store_path": "/nix/store/b1j5zvji8x8vygl7hc9lxdb01fv0cw46-neovim-0.11.5"
        },
        "x86_64-linux": {
          "outputs": [
            {
              "name": "out",
              "path": "/nix/store/qbyjl2a5m76h0vjkv47ckdz84ck7cjc0-neovim-0.11.5",
              "default": true
            }
          ],
          "store_path": "/nix/store/qbyjl2a5m76h0vjkv47ckdz84ck7cjc0-neovim-0.11.5"
        }
      }
    },
    "nodejs@latest": {
      "last_modified": "2026-01-02T14:39:32Z",
      "plugin_version": "0.0.2",
      "resolved": "github:NixOS/nixpkgs/16c7794d0a28b5a37904d55bcca36003b9109aaa#nodejs_25",
      "source": "devbox-search",
      "version": "25.2.1",
      "systems": {
        "aarch64-darwin": {
          "outputs": [
            {
              "name": "out",
              "path": "/nix/store/dwqksglz5298j1ba41cjnvg8fdgb3ih7-nodejs-25.2.1",
              "default": true
            },
            {
              "name": "dev",
              "path": "/nix/store/rw7v0j0xwfgayjljf0f00xci198nswsq-nodejs-25.2.1-dev"
            },
            {
              "name": "libv8",
              "path": "/nix/store/06slplspzy3a6q6pchib3rrvl8hglfc7-nodejs-25.2.1-libv8"
            }
          ],
          "store_path": "/nix/store/dwqksglz5298j1ba41cjnvg8fdgb3ih7-nodejs-25.2.1"
        },
        "aarch64-linux": {
          "outputs": [
            {
              "name": "out",
              "path": "/nix/store/8wcvwksrc3kha6lshrpl6ikvfbwbbzkk-nodejs-25.2.1",
              "default": true
            },
            {
              "name": "dev",
              "path": "/nix/store/mjqflb26bhh03ykg0axpjackmn92rvyi-nodejs-25.2.1-dev"
            },
            {
              "name": "libv8",
              "path": "/nix/store/aa814m7syc6ck2r7rj6mqqi2w34ayr83-nodejs-25.2.1-libv8"
            }
          ],
          "store_path": "/nix/store/8wcvwksrc3kha6lshrpl6ikvfbwbbzkk-nodejs-25.2.1"
        },
        "x86_64-darwin": {
          "outputs": [
            {
              "name": "out",
              "path": "/nix/store/kbwr9hwcvdd3kj4sv9v5qapjkxnc935i-nodejs-25.2.1",
              "default": true
            },
            {
              "name": "dev",
              "path": "/nix/store/gx16wbvvpnlg8yn0irh6vs0n8wza17kq-nodejs-25.2.1-dev"
            },
            {
              "name": "libv8",
              "path": "/nix/store/hmwr6jmrk99mjfccpifzkkgj02lijsgi-nodejs-25.2.1-libv8"
            }
          ],
          "store_path": "/nix/store/kbwr9hwcvdd3kj4sv9v5qapjkxnc935i-nodejs-25.2.1"
        },
        "x86_64-linux": {
          "outputs": [
            {
              "name": "out",
              "path": "/nix/store/dhrcmdyf3xd15gxl4ivps26w934cq32p-nodejs-25.2.1",
              "default": true
            },
            {
              "name": "dev",
              "path": "/nix/store/lzmm68m20ib352d3jxvy032qdv2giia4-nodejs-25.2.1-dev"
            },
            {
              "name": "libv8",
              "path": "/nix/store/g21k8vv3vjnqbb1jkyjs24ydybv8zxcl-nodejs-25.2.1-libv8"
            }
          ],
          "store_path": "/nix/store/dhrcmdyf3xd15gxl4ivps26w934cq32p-nodejs-25.2.1"
        }
      }
    },
    "python3@latest": {
      "last_modified": "2025-01-06T03:40:18Z",
      "plugin_version": "0.0.4",
      "resolved": "github:NixOS/nixpkgs/3df3c47c19dc90fec35359e89ffb52b34d2b0e94#python3",
      "source": "devbox-search",
      "version": "3.12.8",
      "systems": {
        "aarch64-darwin": {
          "outputs": [
            {
              "name": "out",
              "path": "/nix/store/8zc3wcplydp8gsxms24scpzdca438dk5-python3-3.12.8",
              "default": true
            }
          ],
          "store_path": "/nix/store/8zc3wcplydp8gsxms24scpzdca438dk5-python3-3.12.8"
        },
        "aarch64-linux": {
          "outputs": [
            {
              "name": "out",
              "path": "/nix/store/66pn6ysmvx675061xaq2vz93s9vdc5p4-python3-3.12.8",
              "default": true
            },
            {
              "name": "debug",
              "path": "/nix/store/brcg3a34fi45ffky63g5pqd22sksvq13-python3-3.12.8-debug"
            }
          ],
          "store_path": "/nix/store/66pn6ysmvx675061xaq2vz93s9vdc5p4-python3-3.12.8"
        },
        "x86_64-darwin": {
          "outputs": [
            {
              "name": "out",
              "path": "/nix/store/fpmkmdzgd1q7kqadc7czcjdhjj7bsc0i-python3-3.12.8",
              "default": true
            }
          ],
          "store_path": "/nix/store/fpmkmdzgd1q7kqadc7czcjdhjj7bsc0i-python3-3.12.8"
        },
        "x86_64-linux": {
          "outputs": [
            {
              "name": "out",
              "path": "/nix/store/c9m6yd8fg1flz2j5r4bif1ib5j20a0cy-python3-3.12.8",
              "default": true
            },
            {
              "name": "debug",
              "path": "/nix/store/cicfrcjr8pky8qd0gxw0x84ynyviy6b5-python3-3.12.8-debug"
            }
          ],
          "store_path": "/nix/store/c9m6yd8fg1flz2j5r4bif1ib5j20a0cy-python3-3.12.8"
        }
      }
    },
    "ripgrep@latest": {
      "last_modified": "2025-12-31T03:27:36Z",
      "resolved": "github:NixOS/nixpkgs/f665af0cdb70ed27e1bd8f9fdfecaf451260fc55#ripgrep",
      "source": "devbox-search",
      "version": "15.1.0",
      "systems": {
        "aarch64-darwin": {
          "outputs": [
            {
              "name": "out",
              "path": "/nix/store/zydgmksf6gf4q95k43qym4nzf0w4881a-ripgrep-15.1.0",
              "default": true
            }
          ],
          "store_path": "/nix/store/zydgmksf6gf4q95k43qym4nzf0w4881a-ripgrep-15.1.0"
        },
        "aarch64-linux": {
          "outputs": [
            {
              "name": "out",
              "path": "/nix/store/v11qbp8lrfmxjp22lf1xmqrv5m35fapn-ripgrep-15.1.0",
              "default": true
            }
          ],
          "store_path": "/nix/store/v11qbp8lrfmxjp22lf1xmqrv5m35fapn-ripgrep-15.1.0"
        },
        "x86_64-darwin": {
          "outputs": [
            {
              "name": "out",
              "path": "/nix/store/xm3m0plyc4wyk1i2wibbzvdsi6mbh4rz-ripgrep-15.1.0",
              "default": true
            }
          ],
          "store_path": "/nix/store/xm3m0plyc4wyk1i2wibbzvdsi6mbh4rz-ripgrep-15.1.0"
        },
        "x86_64-linux": {
          "outputs": [
            {
              "name": "out",
              "path": "/nix/store/0qh46n4bqwci1dli1bjqkavvzmdw87x3-ripgrep-15.1.0",
              "default": true
            }
          ],
          "store_path": "/nix/store/0qh46n4bqwci1dli1bjqkavvzmdw87x3-ripgrep-15.1.0"
        }
      }
    },
    "rust-analyzer@latest": {
      "last_modified": "2026-01-02T14:39:32Z",
      "resolved": "github:NixOS/nixpkgs/16c7794d0a28b5a37904d55bcca36003b9109aaa#rust-analyzer",
      "source": "devbox-search",
      "version": "2025-12-29",
      "systems": {
        "aarch64-darwin": {
          "outputs": [
            {
              "name": "out",
              "path": "/nix/store/pid8gxs9gbvfhji0baw9zjx5n0zax3j3-rust-analyzer-2025-12-29",
              "default": true
            }
          ],
          "store_path": "/nix/store/pid8gxs9gbvfhji0baw9zjx5n0zax3j3-rust-analyzer-2025-12-29"
        },
        "aarch64-linux": {
          "outputs": [
            {
              "name": "out",
              "path": "/nix/store/rj0phw681bacwwnrvdjl4prlllhkmv9f-rust-analyzer-2025-12-29",
              "default": true
            }
          ],
          "store_path": "/nix/store/rj0phw681bacwwnrvdjl4prlllhkmv9f-rust-analyzer-2025-12-29"
        },
        "x86_64-darwin": {
          "outputs": [
            {
              "name": "out",
              "path": "/nix/store/rib67y7frljqfinyqigkrmcs2w33j992-rust-analyzer-2025-12-29",
              "default": true
            }
          ],
          "store_path": "/nix/store/rib67y7frljqfinyqigkrmcs2w33j992-rust-analyzer-2025-12-29"
        },
        "x86_64-linux": {
          "outputs": [
            {
              "name": "out",
              "path": "/nix/store/x0rzz773d6pjr3zyp6753d93zw37yjkl-rust-analyzer-2025-12-29",
              "default": true
            }
          ],
          "store_path": "/nix/store/x0rzz773d6pjr3zyp6753d93zw37yjkl-rust-analyzer-2025-12-29"
        }
      }
    },
    "rustc@latest": {
      "last_modified": "2025-12-31T03:27:36Z",
      "plugin_version": "0.0.1",
      "resolved": "github:NixOS/nixpkgs/f665af0cdb70ed27e1bd8f9fdfecaf451260fc55#rustc",
      "source": "devbox-search",
      "version": "1.91.1",
      "systems": {
        "aarch64-darwin": {
          "outputs": [
            {
              "name": "out",
              "path": "/nix/store/q01yyg69q3rdm6k0xh4m46gv2sx72z6n-rustc-wrapper-1.91.1",
              "default": true
            },
            {
              "name": "man",
              "path": "/nix/store/jd3y6ynavbad56xal9bkfkq69j4xmi5r-rustc-wrapper-1.91.1-man",
              "default": true
            },
            {
              "name": "doc",
              "path": "/nix/store/wa261jmkpvlndh0gnmk41l21sg4fvb7s-rustc-wrapper-1.91.1-doc"
            }
          ],
          "store_path": "/nix/store/q01yyg69q3rdm6k0xh4m46gv2sx72z6n-rustc-wrapper-1.91.1"
        },
        "aarch64-linux": {
          "outputs": [
            {
              "name": "out",
              "path": "/nix/store/pil8v5ilxakq2w58pqkyz2qzdhrffqi4-rustc-wrapper-1.91.1",
              "default": true
            },
            {
              "name": "man",
              "path": "/nix/store/2z5bl31yxnljhqf2saijb4mfviw63cxz-rustc-wrapper-1.91.1-man",
              "default": true
            },
            {
              "name": "doc",
              "path": "/nix/store/kh9m7wvnr2zaxzv499kqvqi46ncxlw0g-rustc-wrapper-1.91.1-doc"
            }
          ],
          "store_path": "/nix/store/pil8v5ilxakq2w58pqkyz2qzdhrffqi4-rustc-wrapper-1.91.1"
        },
        "x86_64-darwin": {
          "outputs": [
            {
              "name": "out",
              "path": "/nix/store/1yzbyvcd2xjjdz19bignw244daq81j9w-rustc-wrapper-1.91.1",
              "default": true
            },
            {
              "name": "man",
              "path": "/nix/store/iypj3nm5fzl23ndv19np5l2x96vbx57c-rustc-wrapper-1.91.1-man",
              "default": true
            },
            {
              "name": "doc",
              "path": "/nix/store/lmr1dxiw72chzhzzar9ynwc6l5bhls0m-rustc-wrapper-1.91.1-doc"
            }
          ],
          "store_path": "/nix/store/1yzbyvcd2xjjdz19bignw244daq81j9w-rustc-wrapper-1.91.1"
        },
        "x86_64-linux": {
          "outputs": [
            {
              "name": "out",
              "path": "/nix/store/lvdr3nws8gs2qcgm3rnwvjprcx55kx7l-rustc-wrapper-1.91.1",
              "default": true
            },
            {
              "name": "man",
              "path": "/nix/store/4j9a8x6igkqc7505g1rafbd14ili9gwh-rustc-wrapper-1.91.1-man",
              "default": true
            },
            {
              "name": "doc",
              "path": "/nix/store/7jsd9af4g0wvzv4rwb844r2drad7p1xb-rustc-wrapper-1.91.1-doc"
            }
          ],
          "store_path": "/nix/store/lvdr3nws8gs2qcgm3rnwvjprcx55kx7l-rustc-wrapper-1.91.1"
        }
      }
    },
    "starship@latest": {
      "last_modified": "2025-12-31T03:27:36Z",
      "resolved": "github:NixOS/nixpkgs/f665af0cdb70ed27e1bd8f9fdfecaf451260fc55#starship",
      "source": "devbox-search",
      "version": "1.24.2",
      "systems": {
        "aarch64-darwin": {
          "outputs": [
            {
              "name": "out",
              "path": "/nix/store/p8nlvjiazzxrk9q5nrrp52g71wl5hly1-starship-1.24.2",
              "default": true
            }
          ],
          "store_path": "/nix/store/p8nlvjiazzxrk9q5nrrp52g71wl5hly1-starship-1.24.2"
        },
        "aarch64-linux": {
          "outputs": [
            {
              "name": "out",
              "path": "/nix/store/f0rinqzsfaypy43n9s8snf96qcjvb74j-starship-1.24.2",
              "default": true
            }
          ],
          "store_path": "/nix/store/f0rinqzsfaypy43n9s8snf96qcjvb74j-starship-1.24.2"
        },
        "x86_64-darwin": {
          "outputs": [
            {
              "name": "out",
              "path": "/nix/store/zahs3zabm2fn306kw325vlbh4755ksc0-starship-1.24.2",
              "default": true
            }
          ],
          "store_path": "/nix/store/zahs3zabm2fn306kw325vlbh4755ksc0-starship-1.24.2"
        },
        "x86_64-linux": {
          "outputs": [
            {
              "name": "out",
              "path": "/nix/store/a0c2wlps23i2dyiqrz5pp6ldi7zh8188-starship-1.24.2",
              "default": true
            }
          ],
          "store_path": "/nix/store/a0c2wlps23i2dyiqrz5pp6ldi7zh8188-starship-1.24.2"
        }
      }
    },
    "tmux@latest": {
      "last_modified": "2025-11-26T14:39:26Z",
      "resolved": "github:NixOS/nixpkgs/5c46f3bd98147c8d82366df95bbef2cab3a967ea#tmux",
      "source": "devbox-search",
      "version": "3.6",
      "systems": {
        "aarch64-darwin": {
          "outputs": [
            {
              "name": "out",
              "path": "/nix/store/8cc44893xix9xknp1phzi5jg8g0pghii-tmux-3.6",
              "default": true
            },
            {
              "name": "man",
              "path": "/nix/store/08iih7zrw7yybahxla1f3vf1qhygiwzb-tmux-3.6-man",
              "default": true
            }
          ],
          "store_path": "/nix/store/8cc44893xix9xknp1phzi5jg8g0pghii-tmux-3.6"
        },
        "aarch64-linux": {
          "outputs": [
            {
              "name": "out",
              "path": "/nix/store/nipnplpp8s2kxrym46ziwm286ac9smxk-tmux-3.6",
              "default": true
            },
            {
              "name": "man",
              "path": "/nix/store/h0mw9jvd11ykb63rxvjwg03yxpmwcrsk-tmux-3.6-man",
              "default": true
            }
          ],
          "store_path": "/nix/store/nipnplpp8s2kxrym46ziwm286ac9smxk-tmux-3.6"
        },
        "x86_64-darwin": {
          "outputs": [
            {
              "name": "out",
              "path": "/nix/store/r9as91zw6j6ly5wy67w7ksy56y4fa6m0-tmux-3.6",
              "default": true
            },
            {
              "name": "man",
              "path": "/nix/store/x91dqpy96jnjv7prrg1x65lzhlp8h7px-tmux-3.6-man",
              "default": true
            }
          ],
          "store_path": "/nix/store/r9as91zw6j6ly5wy67w7ksy56y4fa6m0-tmux-3.6"
        },
        "x86_64-linux": {
          "outputs": [
            {
              "name": "out",
              "path": "/nix/store/aaryy6aga27r973s97ckbmalbc1ha4hl-tmux-3.6",
              "default": true
            },
            {
              "name": "man",
              "path": "/nix/store/vkz0jwnx7cg2gc48w3nijs1d3sydz9l5-tmux-3.6-man",
              "default": true
            }
          ],
          "store_path": "/nix/store/aaryy6aga27r973s97ckbmalbc1ha4hl-tmux-3.6"
        }
      }
    },
    "tree-sitter@latest": {
      "last_modified": "2025-12-31T03:27:36Z",
      "resolved": "github:NixOS/nixpkgs/f665af0cdb70ed27e1bd8f9fdfecaf451260fc55#tree-sitter",
      "source": "devbox-search",
      "version": "0.25.10",
      "systems": {
        "aarch64-darwin": {
          "outputs": [
            {
              "name": "out",
              "path": "/nix/store/8j6v8ypirwdyjxps3i8vbxbgwwwsy8bm-tree-sitter-0.25.10",
              "default": true
            }
          ],
          "store_path": "/nix/store/8j6v8ypirwdyjxps3i8vbxbgwwwsy8bm-tree-sitter-0.25.10"
        },
        "aarch64-linux": {
          "outputs": [
            {
              "name": "out",
              "path": "/nix/store/cxmbpvxx3nzq6x9pr8hv7s2fl06s113n-tree-sitter-0.25.10",
              "default": true
            }
          ],
          "store_path": "/nix/store/cxmbpvxx3nzq6x9pr8hv7s2fl06s113n-tree-sitter-0.25.10"
        },
        "x86_64-darwin": {
          "outputs": [
            {
              "name": "out",
              "path": "/nix/store/5ia3ll01aq32d6hfbh0jq4yky73rz04l-tree-sitter-0.25.10",
              "default": true
            }
          ],
          "store_path": "/nix/store/5ia3ll01aq32d6hfbh0jq4yky73rz04l-tree-sitter-0.25.10"
        },
        "x86_64-linux": {
          "outputs": [
            {
              "name": "out",
              "path": "/nix/store/qdl0j3dnr9lmn8n1956a6bb7w65wymnd-tree-sitter-0.25.10",
              "default": true
            }
          ],
          "store_path": "/nix/store/qdl0j3dnr9lmn8n1956a6bb7w65wymnd-tree-sitter-0.25.10"
        }
      }
    },
    "zsh@latest": {
      "last_modified": "2026-01-01T13:17:10Z",
      "resolved": "github:NixOS/nixpkgs/76eec3925eb9bbe193934987d3285473dbcfad50#zsh",
      "source": "devbox-search",
      "version": "5.9",
      "systems": {
        "aarch64-darwin": {
          "outputs": [
            {
              "name": "out",
              "path": "/nix/store/iqfjk6b33yyv7rqqhf7h9r9icihg32yn-zsh-5.9",
              "default": true
            },
            {
              "name": "man",
              "path": "/nix/store/hwnnkrvk56h17jh9fvsvcm6j2vp8h944-zsh-5.9-man",
              "default": true
            },
            {
              "name": "info",
              "path": "/nix/store/g657vgy57zgsm6z5dk6yyzvmwl0m6nb4-zsh-5.9-info"
            },
            {
              "name": "doc",
              "path": "/nix/store/5x7w6mxdr1ijydc57is345i6jf0nh2h3-zsh-5.9-doc"
            }
          ],
          "store_path": "/nix/store/iqfjk6b33yyv7rqqhf7h9r9icihg32yn-zsh-5.9"
        },
        "aarch64-linux": {
          "outputs": [
            {
              "name": "out",
              "path": "/nix/store/p6r530mdva7c5chq58mv1m2aa04scj12-zsh-5.9",
              "default": true
            },
            {
              "name": "man",
              "path": "/nix/store/qrhwwy7wx68gv1ch9cj01i1x5h27a704-zsh-5.9-man",
              "default": true
            },
            {
              "name": "doc",
              "path": "/nix/store/jnaddn0d5wrb1yd9whwzaw21750vwpvk-zsh-5.9-doc"
            },
            {
              "name": "info",
              "path": "/nix/store/7qmcxyr83r7lbcyxz1zfgs0kvjs82z3n-zsh-5.9-info"
            }
          ],
          "store_path": "/nix/store/p6r530mdva7c5chq58mv1m2aa04scj12-zsh-5.9"
        },
        "x86_64-darwin": {
          "outputs": [
            {
              "name": "out",
              "path": "/nix/store/87k85gxajlc4kdm0g8wa7gx5dqhrpxf6-zsh-5.9",
              "default": true
            },
            {
              "name": "man",
              "path": "/nix/store/gf2w17dxgkgky2pr1ndw1pnhgiycnk3v-zsh-5.9-man",
              "default": true
            },
            {
              "name": "doc",
              "path": "/nix/store/fwglpxamf5kkj5fdr4d3gnck1n3r50vl-zsh-5.9-doc"
            },
            {
              "name": "info",
              "path": "/nix/store/pip4n25yz9d2p9lj0ghjhcmynagy5z8h-zsh-5.9-info"
            }
          ],
          "store_path": "/nix/store/87k85gxajlc4kdm0g8wa7gx5dqhrpxf6-zsh-5.9"
        },
        "x86_64-linux": {
          "outputs": [
            {
              "name": "out",
              "path": "/nix/store/309lg0w4dj1nbcr04pwzzkhvisfnmqqn-zsh-5.9",
              "default": true
            },
            {
              "name": "man",
              "path": "/nix/store/aymqki8vdvsq1wzd5q4w40w6bq2zj7qm-zsh-5.9-man",
              "default": true
            },
            {
              "name": "info",
              "path": "/nix/store/r4cjdaflkf3ih59c6hizjjyxbihh4yn3-zsh-5.9-info"
            },
            {
              "name": "doc",
              "path": "/nix/store/zx9c1is0jxwvn82wf4b50j63bv5wml7a-zsh-5.9-doc"
            }
          ],
          "store_path": "/nix/store/309lg0w4dj1nbcr04pwzzkhvisfnmqqn-zsh-5.9"
        }
      }
    }
  }
}
