{
  "lockfile_version": "1",
  "packages": {
    "fd@latest": {
      "last_modified": "2025-11-23T21:50:36Z",
      "resolved": "github:NixOS/nixpkgs/ee09932cedcef15aaf476f9343d1dea2cb77e261#fd",
      "source": "devbox-search",
      "version": "10.3.0",
      "systems": {
        "aarch64-darwin": {
          "outputs": [
            {
              "name": "out",
              "path": "/nix/store/afkk245ihvlsr1wnxk4l8n6wha4f9r4m-fd-10.3.0",
              "default": true
            }
          ],
          "store_path": "/nix/store/afkk245ihvlsr1wnxk4l8n6wha4f9r4m-fd-10.3.0"
        },
        "aarch64-linux": {
          "outputs": [
            {
              "name": "out",
              "path": "/nix/store/n15v3a8dfmccl23r1q5dzwdkah9bvcc4-fd-10.3.0",
              "default": true
            }
          ],
          "store_path": "/nix/store/n15v3a8dfmccl23r1q5dzwdkah9bvcc4-fd-10.3.0"
        },
        "x86_64-darwin": {
          "outputs": [
            {
              "name": "out",
              "path": "/nix/store/kckmjxlfmzx5iwkxbzs57c7hbyb1krsx-fd-10.3.0",
              "default": true
            }
          ],
          "store_path": "/nix/store/kckmjxlfmzx5iwkxbzs57c7hbyb1krsx-fd-10.3.0"
        },
        "x86_64-linux": {
          "outputs": [
            {
              "name": "out",
              "path": "/nix/store/027m34av4nx0246ia2qdbfygzy9dbikw-fd-10.3.0",
              "default": true
            }
          ],
          "store_path": "/nix/store/027m34av4nx0246ia2qdbfygzy9dbikw-fd-10.3.0"
        }
      }
    },
    "fzf@latest": {
      "last_modified": "2025-12-31T03:27:36Z",
      "resolved": "github:NixOS/nixpkgs/f665af0cdb70ed27e1bd8f9fdfecaf451260fc55#fzf",
      "source": "devbox-search",
      "version": "0.67.0",
      "systems": {
        "aarch64-darwin": {
          "outputs": [
            {
              "name": "out",
              "path": "/nix/store/2qzpswmq7v8zdq12cbh65r156c77fr1h-fzf-0.67.0",
              "default": true
            },
            {
              "name": "man",
              "path": "/nix/store/jlkbrm0pg71aianml6dszih5ab29hv44-fzf-0.67.0-man",
              "default": true
            }
          ],
          "store_path": "/nix/store/2qzpswmq7v8zdq12cbh65r156c77fr1h-fzf-0.67.0"
        },
        "aarch64-linux": {
          "outputs": [
            {
              "name": "out",
              "path": "/nix/store/3n5pb67fnmagqz47slzxyhvk2dl4x2di-fzf-0.67.0",
              "default": true
            },
            {
              "name": "man",
              "path": "/nix/store/0adh9s8yff51dbsmz2am915gxjzvfbbx-fzf-0.67.0-man",
              "default": true
            }
          ],
          "store_path": "/nix/store/3n5pb67fnmagqz47slzxyhvk2dl4x2di-fzf-0.67.0"
        },
        "x86_64-darwin": {
          "outputs": [
            {
              "name": "out",
              "path": "/nix/store/zh7bq0z62yj2y7i8i7r6v1p8xdqiawxm-fzf-0.67.0",
              "default": true
            },
            {
              "name": "man",
              "path": "/nix/store/y5nznx4gs09sklfj9bczcyba9xm6hh1p-fzf-0.67.0-man",
              "default": true
            }
          ],
          "store_path": "/nix/store/zh7bq0z62yj2y7i8i7r6v1p8xdqiawxm-fzf-0.67.0"
        },
        "x86_64-linux": {
          "outputs": [
            {
              "name": "out",
              "path": "/nix/store/9fa7g1ykblq2xa6hh82nz8yl4p90x0sh-fzf-0.67.0",
              "default": true
            },
            {
              "name": "man",
              "path": "/nix/store/71f3kmdyzgjj9sa2h12h9mfs2akb4c4q-fzf-0.67.0-man",
              "default": true
            }
          ],
          "store_path": "/nix/store/9fa7g1ykblq2xa6hh82nz8yl4p90x0sh-fzf-0.67.0"
        }
      }
    },
    "gcc@latest": {
      "last_modified": "2025-12-31T03:27:36Z",
      "resolved": "github:NixOS/nixpkgs/f665af0cdb70ed27e1bd8f9fdfecaf451260fc55#gcc",
      "source": "devbox-search",
      "version": "15.2.0",
      "systems": {
        "aarch64-darwin": {
          "outputs": [
            {
              "name": "out",
              "path": "/nix/store/cjkf5fm587xv34pz9zfs3q2qpvij61fz-gcc-wrapper-15.2.0",
              "default": true
            },
            {
              "name": "man",
              "path": "/nix/store/n9c07ydj81mzvxl4fyv71sr0bh6hlqx7-gcc-wrapper-15.2.0-man",
              "default": true
            },
            {
              "name": "info",
              "path": "/nix/store/r086c97c0vkdq9n8dnpm5zjbhnqs96i5-gcc-wrapper-15.2.0-info"
            }
          ],
          "store_path": "/nix/store/cjkf5fm587xv34pz9zfs3q2qpvij61fz-gcc-wrapper-15.2.0"
        },
        "aarch64-linux": {
          "outputs": [
            {
              "name": "out",
              "path": "/nix/store/484f8q8xa48icqgdq9b67vhq8clcqjy9-gcc-wrapper-15.2.0",
              "default": true
            },
            {
              "name": "man",
              "path": "/nix/store/i5w0g1mv1gsjqwb88s676h7r6bf0dkck-gcc-wrapper-15.2.0-man",
              "default": true
            },
            {
              "name": "info",
              "path": "/nix/store/wwsyxl18xjb1f6pg2xv69agggcyp5zqm-gcc-wrapper-15.2.0-info"
            }
          ],
          "store_path": "/nix/store/484f8q8xa48icqgdq9b67vhq8clcqjy9-gcc-wrapper-15.2.0"
        },
        "x86_64-darwin": {
          "outputs": [
            {
              "name": "out",
              "path": "/nix/store/gda582qvway6j4vzb59mcj0gyd27hn74-gcc-wrapper-15.2.0",
              "default": true
            },
            {
              "name": "man",
              "path": "/nix/store/32lvjag88g789138a1z93bid19cs63ih-gcc-wrapper-15.2.0-man",
              "default": true
            },
            {
              "name": "info",
              "path": "/nix/store/zb55nrn2w6nd97vxgwn8j9xsb1s114mv-gcc-wrapper-15.2.0-info"
            }
          ],
          "store_path": "/nix/store/gda582qvway6j4vzb59mcj0gyd27hn74-gcc-wrapper-15.2.0"
        },
        "x86_64-linux": {
          "outputs": [
            {
              "name": "out",
              "path": "/nix/store/r9wbjib6xxjkyb9yvjvrkl4sq61i2lyn-gcc-wrapper-15.2.0",
              "default": true
            },
            {
              "name": "man",
              "path": "/nix/store/q6dzfz3cm4s2pd55zmmb8jrjlzsr82jp-gcc-wrapper-15.2.0-man",
              "default": true
            },
            {
              "name": "info",
              "path": "/nix/store/6jgb7knb0y6df1ni0kiwbmzg8kp193sk-gcc-wrapper-15.2.0-info"
            }
          ],
          "store_path": "/nix/store/r9wbjib6xxjkyb9yvjvrkl4sq61i2lyn-gcc-wrapper-15.2.0"
        }
      }
    },
    "git@latest": {
      "last_modified": "2025-11-23T21:50:36Z",
      "resolved": "github:NixOS/nixpkgs/ee09932cedcef15aaf476f9343d1dea2cb77e261#git",
      "source": "devbox-search",
      "version": "2.51.2",
      "systems": {
        "aarch64-darwin": {
          "outputs": [
            {
              "name": "out",
              "path": "/nix/store/x34bh6s6ighg7lb74nkjbx3nx52zj0j9-git-2.51.2",
              "default": true
            },
            {
              "name": "doc",
              "path": "/nix/store/6wnscv0364r6430qmx33nn927dlw2vnf-git-2.51.2-doc"
            }
          ],
          "store_path": "/nix/store/x34bh6s6ighg7lb74nkjbx3nx52zj0j9-git-2.51.2"
        },
        "aarch64-linux": {
          "outputs": [
            {
              "name": "out",
              "path": "/nix/store/gzdcfmx2p9nvd4z21b6ns00cp4sv1d2h-git-2.51.2",
              "default": true
            },
            {
              "name": "debug",
              "path": "/nix/store/5l5ln59lpi4qv2qm59aqchlz32j9zcm9-git-2.51.2-debug"
            },
            {
              "name": "doc",
              "path": "/nix/store/w28mqxb1bd51f5rwh5127pvbp31lnqmv-git-2.51.2-doc"
            }
          ],
          "store_path": "/nix/store/gzdcfmx2p9nvd4z21b6ns00cp4sv1d2h-git-2.51.2"
        },
        "x86_64-darwin": {
          "outputs": [
            {
              "name": "out",
              "path": "/nix/store/zz5xiyzpnn06cdgw1xnlvs1sbly5247r-git-2.51.2",
              "default": true
            },
            {
              "name": "doc",
              "path": "/nix/store/vrisnm56c5v8mzbv55yrq28wgkvga8nm-git-2.51.2-doc"
            }
          ],
          "store_path": "/nix/store/zz5xiyzpnn06cdgw1xnlvs1sbly5247r-git-2.51.2"
        },
        "x86_64-linux": {
          "outputs": [
            {
              "name": "out",
              "path": "/nix/store/4qhdhmi7pzgad0zfd7c5lsg235mbf9hv-git-2.51.2",
              "default": true
            },
            {
              "name": "debug",
              "path": "/nix/store/pjr2vd588sxa47glfg0ky0df3vk79dcs-git-2.51.2-debug"
            },
            {
              "name": "doc",
              "path": "/nix/store/9k6ivrdddy9s3z1hiwgavl0kfr2czgav-git-2.51.2-doc"
            }
          ],
          "store_path": "/nix/store/4qhdhmi7pzgad0zfd7c5lsg235mbf9hv-git-2.51.2"
        }
      }
    },
    "github:NixOS/nixpkgs/nixpkgs-unstable": {
      "last_modified": "2026-01-02T14:39:32Z",
      "resolved": "github:NixOS/nixpkgs/16c7794d0a28b5a37904d55bcca36003b9109aaa?lastModified=1767364772"
    },
    "gnumake@latest": {
      "last_modified": "2025-11-23T21:50:36Z",
      "resolved": "github:NixOS/nixpkgs/ee09932cedcef15aaf476f9343d1dea2cb77e261#gnumake",
      "source": "devbox-search",
      "version": "4.4.1",
      "systems": {
        "aarch64-darwin": {
          "outputs": [
            {
              "name": "out",
              "path": "/nix/store/himpsafkr92afwx35m02cfqqkayjp7ab-gnumake-4.4.1",
              "default": true
            },
            {
              "name": "man",
              "path": "/nix/store/6k5xskz3ih6as6s431an4vfc8kygwb06-gnumake-4.4.1-man",
              "default": true
            },
            {
              "name": "info",
              "path": "/nix/store/j8pw4cw50ijq08zdnz6r5s0l8hwvi6y2-gnumake-4.4.1-info"
            }
          ],
          "store_path": "/nix/store/himpsafkr92afwx35m02cfqqkayjp7ab-gnumake-4.4.1"
        },
        "aarch64-linux": {
          "outputs": [
            {
              "name": "out",
              "path": "/nix/store/4as5z9sq13frzn76l4grs0x7jlhmp8a4-gnumake-4.4.1",
              "default": true
            },
            {
              "name": "man",
              "path": "/nix/store/c3p59qjacf7zlmivlhzly323wbmwiynn-gnumake-4.4.1-man",
              "default": true
            },
            {
              "name": "debug",
              "path": "/nix/store/bg7na4xrp92kc3w2xmpxck5rxab10by5-gnumake-4.4.1-debug"
            },
            {
              "name": "info",
              "path": "/nix/store/w974qs2b1p53l0xcxrm4va45ih5jjj1x-gnumake-4.4.1-info"
            }
          ],
          "store_path": "/nix/store/4as5z9sq13frzn76l4grs0x7jlhmp8a4-gnumake-4.4.1"
        },
        "x86_64-darwin": {
          "outputs": [
            {
              "name": "out",
              "path": "/nix/store/bc7w3vj6r09bi1izjnag31zw1s26bl3i-gnumake-4.4.1",
              "default": true
            },
            {
              "name": "man",
              "path": "/nix/store/70bpwla1zm4rzj3qh318qb0h3zg2k57x-gnumake-4.4.1-man",
              "default": true
            },
            {
              "name": "info",
              "path": "/nix/store/318jsjis2rp8rm5zpw936flpg90c4v20-gnumake-4.4.1-info"
            }
          ],
          "store_path": "/nix/store/bc7w3vj6r09bi1izjnag31zw1s26bl3i-gnumake-4.4.1"
        },
        "x86_64-linux": {
          "outputs": [
            {
              "name": "out",
              "path": "/nix/store/jlv0a6iyh8vb7pfyhjj93xy245xlmgh5-gnumake-4.4.1",
              "default": true
            },
            {
              "name": "man",
              "path": "/nix/store/66gca2ba1a5dd2pbwh3nc2fil96nzwb8-gnumake-4.4.1-man",
              "default": true
            },
            {
              "name": "debug",
              "path": "/nix/store/jyd69jw95fcsgnl9p5r6k3iycls32vsy-gnumake-4.4.1-debug"
            },
            {
              "name": "info",
              "path": "/nix/store/dm5rg41pkjr7g5khqivn5ddgdlzr2fvy-gnumake-4.4.1-info"
            }
          ],
          "store_path": "/nix/store/jlv0a6iyh8vb7pfyhjj93xy245xlmgh5-gnumake-4.4.1"
        }
      }
    },
    "imagemagick@latest": {
      "last_modified": "2026-01-02T14:39:32Z",
      "resolved": "github:NixOS/nixpkgs/16c7794d0a28b5a37904d55bcca36003b9109aaa#imagemagick",
      "source": "devbox-search",
      "version": "7.1.2-11",
      "systems": {
        "aarch64-darwin": {
          "outputs": [
            {
              "name": "out",
              "path": "/nix/store/fq59i9l5chsnhxh1ahj22df3if39vg0x-imagemagick-7.1.2-11",
              "default": true
            },
            {
              "name": "dev",
              "path": "/nix/store/h62nffpg06sg3z8m1f8zylh18bf73rns-imagemagick-7.1.2-11-dev"
            },
            {
              "name": "doc",
              "path": "/nix/store/fpnfkb98b4914f5rhi3wb4nns37s9qlg-imagemagick-7.1.2-11-doc"
            }
          ],
          "store_path": "/nix/store/fq59i9l5chsnhxh1ahj22df3if39vg0x-imagemagick-7.1.2-11"
        },
        "aarch64-linux": {
          "outputs": [
            {
              "name": "out",
              "path": "/nix/store/jgxnhc6dd5s5vn0k0blf6csyi0vab8fd-imagemagick-7.1.2-11",
              "default": true
            },
            {
              "name": "dev",
              "path": "/nix/store/c3mzw08f2sywj5pcqfyvp2vg3paf0acn-imagemagick-7.1.2-11-dev"
            },
            {
              "name": "doc",
              "path": "/nix/store/p461inbsj7x41shq5nz2c6giqsxwj4aq-imagemagick-7.1.2-11-doc"
            }
          ],
          "store_path": "/nix/store/jgxnhc6dd5s5vn0k0blf6csyi0vab8fd-imagemagick-7.1.2-11"
        },
        "x86_64-darwin": {
          "outputs": [
            {
              "name": "out",
              "path": "/nix/store/v00m47mxdmx2fzvxjg9147qqcvmdnybj-imagemagick-7.1.2-11",
              "default": true
            },
            {
              "name": "dev",
              "path": "/nix/store/r4a0ydcxifpifh1r9z6s4grc8pdwzgvr-imagemagick-7.1.2-11-dev"
            },
            {
              "name": "doc",
              "path": "/nix/store/mv4avnfgxsf517llf0f4h9ag74pchga0-imagemagick-7.1.2-11-doc"
            }
          ],
          "store_path": "/nix/store/v00m47mxdmx2fzvxjg9147qqcvmdnybj-imagemagick-7.1.2-11"
        },
        "x86_64-linux": {
          "outputs": [
            {
              "name": "out",
              "path": "/nix/store/dfj4g2rpz8yf1g6ybj7d37p4kmwsl772-imagemagick-7.1.2-11",
              "default": true
            },
            {
              "name": "doc",
              "path": "/nix/store/y4ncgbx0fwj3fn0j8q71fb1dk5jplzd1-imagemagick-7.1.2-11-doc"
            },
            {
              "name": "dev",
              "path": "/nix/store/47y76bq8qcnpxizqgl0c0j15s7ciix5r-imagemagick-7.1.2-11-dev"
            }
          ],
          "store_path": "/nix/store/dfj4g2rpz8yf1g6ybj7d37p4kmwsl772-imagemagick-7.1.2-11"
        }
      }
    },
    "lazygit@latest": {
      "last_modified": "2025-12-31T03:27:36Z",
      "resolved": "github:NixOS/nixpkgs/f665af0cdb70ed27e1bd8f9fdfecaf451260fc55#lazygit",
      "source": "devbox-search",
      "version": "0.57.0",
      "systems": {
        "aarch64-darwin": {
          "outputs": [
            {
              "name": "out",
              "path": "/nix/store/zh978s85r6qi19x6n50pa3gljf7sbzg1-lazygit-0.57.0",
              "default": true
            }
          ],
          "store_path": "/nix/store/zh978s85r6qi19x6n50pa3gljf7sbzg1-lazygit-0.57.0"
        },
        "aarch64-linux": {
          "outputs": [
            {
              "name": "out",
              "path": "/nix/store/6wjxq3419n9ag1l2yyl8hb0cg34r5ngk-lazygit-0.57.0",
              "default": true
            }
          ],
          "store_path": "/nix/store/6wjxq3419n9ag1l2yyl8hb0cg34r5ngk-lazygit-0.57.0"
        },
        "x86_64-darwin": {
          "outputs": [
            {
              "name": "out",
              "path": "/nix/store/1dc6gkbxi90b6p55dpfm2c661h8m3y9n-lazygit-0.57.0",
              "default": true
            }
          ],
          "store_path": "/nix/store/1dc6gkbxi90b6p55dpfm2c661h8m3y9n-lazygit-0.57.0"
        },
        "x86_64-linux": {
          "outputs": [
            {
              "name": "out",
              "path": "/nix/store/r9rib3gnz002zz3z6qab8qgr2r4qs665-lazygit-0.57.0",
              "default": true
            }
          ],
          "store_path": "/nix/store/r9rib3gnz002zz3z6qab8qgr2r4qs665-lazygit-0.57.0"
        }
      }
    },
    "lua@latest": {
      "last_modified": "2025-12-31T03:27:36Z",
      "resolved": "github:NixOS/nixpkgs/f665af0cdb70ed27e1bd8f9fdfecaf451260fc55#lua",
      "source": "devbox-search",
      "version": "5.2.4",
      "systems": {
        "aarch64-darwin": {
          "outputs": [
            {
              "name": "out",
              "path": "/nix/store/x8ain9193yl3k10mk0bi667qp5iwk03w-lua-5.2.4",
              "default": true
            },
            {
              "name": "doc",
              "path": "/nix/store/5j1wgsifnk6sz0pyv0254x0f4yyqdz09-lua-5.2.4-doc"
            }
          ],
          "store_path": "/nix/store/x8ain9193yl3k10mk0bi667qp5iwk03w-lua-5.2.4"
        },
        "aarch64-linux": {
          "outputs": [
            {
              "name": "out",
              "path": "/nix/store/9w55xgjvc541qdrpk1zbyn61xcfvz2j0-lua-5.2.4",
              "default": true
            },
            {
              "name": "doc",
              "path": "/nix/store/ckss20zqa3h7czc7r5wig3byc41mx5jk-lua-5.2.4-doc"
            }
          ],
          "store_path": "/nix/store/9w55xgjvc541qdrpk1zbyn61xcfvz2j0-lua-5.2.4"
        },
        "x86_64-darwin": {
          "outputs": [
            {
              "name": "out",
              "path": "/nix/store/rrdy6hnffd7072k8k83xk8ww62n9zx41-lua-5.2.4",
              "default": true
            },
            {
              "name": "doc",
              "path": "/nix/store/zm45cxyxb1n03d0ld034i6kk671jkhzp-lua-5.2.4-doc"
            }
          ],
          "store_path": "/nix/store/rrdy6hnffd7072k8k83xk8ww62n9zx41-lua-5.2.4"
        },
        "x86_64-linux": {
          "outputs": [
            {
              "name": "out",
              "path": "/nix/store/a5qspnbqql1b5ri098rq0ywpf86jp9m5-lua-5.2.4",
              "default": true
            },
            {
              "name": "doc",
              "path": "/nix/store/f57qqv3grsvdx8yxgvmvrqclvqiki2pp-lua-5.2.4-doc"
            }
          ],
          "store_path": "/nix/store/a5qspnbqql1b5ri098rq0ywpf86jp9m5-lua-5.2.4"
        }
      }
    },
    "neovim@latest": {
      "last_modified": "2025-12-18T02:44:17Z",
      "resolved": "github:NixOS/nixpkgs/def3da69945bbe338c373fddad5a1bb49cf199ce#neovim",
      "source": "devbox-search",
      "version": "0.11.5",
      "systems": {
        "aarch64-darwin": {
          "outputs": [
            {
              "name": "out",
              "path": "/nix/store/8p2cxhz3jwd4w5vqrn2hfvihs61k57wr-neovim-0.11.5",
              "default": true
            }
          ],
          "store_path": "/nix/store/8p2cxhz3jwd4w5vqrn2hfvihs61k57wr-neovim-0.11.5"
        },
        "aarch64-linux": {
          "outputs": [
            {
              "name": "out",
              "path": "/nix/store/0nw654bk4rqra85pyhb5vil04141zvsj-neovim-0.11.5",
              "default": true
            }
          ],
          "store_path": "/nix/store/0nw654bk4rqra85pyhb5vil04141zvsj-neovim-0.11.5"
        },
        "x86_64-darwin": {
          "outputs": [
            {
              "name": "out",
              "path": "/nix/store/amqqdmzzpk6whm5kfjhfc1s6n34grb2q-neovim-0.11.5",
              "default": true
            }
          ],
          "store_path": "/nix/store/amqqdmzzpk6whm5kfjhfc1s6n34grb2q-neovim-0.11.5"
        },
        "x86_64-linux": {
          "outputs": [
            {
              "name": "out",
              "path": "/nix/store/54zkiggy58af9lln6kmv1qbljz6qrh51-neovim-0.11.5",
              "default": true
            }
          ],
          "store_path": "/nix/store/54zkiggy58af9lln6kmv1qbljz6qrh51-neovim-0.11.5"
        }
      }
    },
    "nodejs@latest": {
      "last_modified": "2026-01-02T14:39:32Z",
      "plugin_version": "0.0.2",
      "resolved": "github:NixOS/nixpkgs/16c7794d0a28b5a37904d55bcca36003b9109aaa#nodejs_25",
      "source": "devbox-search",
      "version": "25.2.1",
      "systems": {
        "aarch64-darwin": {
          "outputs": [
            {
              "name": "out",
              "path": "/nix/store/dwqksglz5298j1ba41cjnvg8fdgb3ih7-nodejs-25.2.1",
              "default": true
            },
            {
              "name": "dev",
              "path": "/nix/store/rw7v0j0xwfgayjljf0f00xci198nswsq-nodejs-25.2.1-dev"
            },
            {
              "name": "libv8",
              "path": "/nix/store/06slplspzy3a6q6pchib3rrvl8hglfc7-nodejs-25.2.1-libv8"
            }
          ],
          "store_path": "/nix/store/dwqksglz5298j1ba41cjnvg8fdgb3ih7-nodejs-25.2.1"
        },
        "aarch64-linux": {
          "outputs": [
            {
              "name": "out",
              "path": "/nix/store/8wcvwksrc3kha6lshrpl6ikvfbwbbzkk-nodejs-25.2.1",
              "default": true
            },
            {
              "name": "dev",
              "path": "/nix/store/mjqflb26bhh03ykg0axpjackmn92rvyi-nodejs-25.2.1-dev"
            },
            {
              "name": "libv8",
              "path": "/nix/store/aa814m7syc6ck2r7rj6mqqi2w34ayr83-nodejs-25.2.1-libv8"
            }
          ],
          "store_path": "/nix/store/8wcvwksrc3kha6lshrpl6ikvfbwbbzkk-nodejs-25.2.1"
        },
        "x86_64-darwin": {
          "outputs": [
            {
              "name": "out",
              "path": "/nix/store/kbwr9hwcvdd3kj4sv9v5qapjkxnc935i-nodejs-25.2.1",
              "default": true
            },
            {
              "name": "dev",
              "path": "/nix/store/gx16wbvvpnlg8yn0irh6vs0n8wza17kq-nodejs-25.2.1-dev"
            },
            {
              "name": "libv8",
              "path": "/nix/store/hmwr6jmrk99mjfccpifzkkgj02lijsgi-nodejs-25.2.1-libv8"
            }
          ],
          "store_path": "/nix/store/kbwr9hwcvdd3kj4sv9v5qapjkxnc935i-nodejs-25.2.1"
        },
        "x86_64-linux": {
          "outputs": [
            {
              "name": "out",
              "path": "/nix/store/dhrcmdyf3xd15gxl4ivps26w934cq32p-nodejs-25.2.1",
              "default": true
            },
            {
              "name": "dev",
              "path": "/nix/store/lzmm68m20ib352d3jxvy032qdv2giia4-nodejs-25.2.1-dev"
            },
            {
              "name": "libv8",
              "path": "/nix/store/g21k8vv3vjnqbb1jkyjs24ydybv8zxcl-nodejs-25.2.1-libv8"
            }
          ],
          "store_path": "/nix/store/dhrcmdyf3xd15gxl4ivps26w934cq32p-nodejs-25.2.1"
        }
      }
    },
    "python3@latest": {
      "last_modified": "2025-01-06T03:40:18Z",
      "plugin_version": "0.0.4",
      "resolved": "github:NixOS/nixpkgs/3df3c47c19dc90fec35359e89ffb52b34d2b0e94#python3",
      "source": "devbox-search",
      "version": "3.12.8",
      "systems": {
        "aarch64-darwin": {
          "outputs": [
            {
              "name": "out",
              "path": "/nix/store/8zc3wcplydp8gsxms24scpzdca438dk5-python3-3.12.8",
              "default": true
            }
          ],
          "store_path": "/nix/store/8zc3wcplydp8gsxms24scpzdca438dk5-python3-3.12.8"
        },
        "aarch64-linux": {
          "outputs": [
            {
              "name": "out",
              "path": "/nix/store/66pn6ysmvx675061xaq2vz93s9vdc5p4-python3-3.12.8",
              "default": true
            },
            {
              "name": "debug",
              "path": "/nix/store/brcg3a34fi45ffky63g5pqd22sksvq13-python3-3.12.8-debug"
            }
          ],
          "store_path": "/nix/store/66pn6ysmvx675061xaq2vz93s9vdc5p4-python3-3.12.8"
        },
        "x86_64-darwin": {
          "outputs": [
            {
              "name": "out",
              "path": "/nix/store/fpmkmdzgd1q7kqadc7czcjdhjj7bsc0i-python3-3.12.8",
              "default": true
            }
          ],
          "store_path": "/nix/store/fpmkmdzgd1q7kqadc7czcjdhjj7bsc0i-python3-3.12.8"
        },
        "x86_64-linux": {
          "outputs": [
            {
              "name": "out",
              "path": "/nix/store/c9m6yd8fg1flz2j5r4bif1ib5j20a0cy-python3-3.12.8",
              "default": true
            },
            {
              "name": "debug",
              "path": "/nix/store/cicfrcjr8pky8qd0gxw0x84ynyviy6b5-python3-3.12.8-debug"
            }
          ],
          "store_path": "/nix/store/c9m6yd8fg1flz2j5r4bif1ib5j20a0cy-python3-3.12.8"
        }
      }
    },
    "ripgrep@latest": {
      "last_modified": "2025-11-23T21:50:36Z",
      "resolved": "github:NixOS/nixpkgs/ee09932cedcef15aaf476f9343d1dea2cb77e261#ripgrep",
      "source": "devbox-search",
      "version": "15.1.0",
      "systems": {
        "aarch64-darwin": {
          "outputs": [
            {
              "name": "out",
              "path": "/nix/store/mhv88knw2x5qdnzl7p06wxa9bxrkgghv-ripgrep-15.1.0",
              "default": true
            }
          ],
          "store_path": "/nix/store/mhv88knw2x5qdnzl7p06wxa9bxrkgghv-ripgrep-15.1.0"
        },
        "aarch64-linux": {
          "outputs": [
            {
              "name": "out",
              "path": "/nix/store/qz4k80cgcrz0qhac0jnb19nsjgy21ind-ripgrep-15.1.0",
              "default": true
            }
          ],
          "store_path": "/nix/store/qz4k80cgcrz0qhac0jnb19nsjgy21ind-ripgrep-15.1.0"
        },
        "x86_64-darwin": {
          "outputs": [
            {
              "name": "out",
              "path": "/nix/store/78yl72h892mdxdplmnii400xm5v9ypx4-ripgrep-15.1.0",
              "default": true
            }
          ],
          "store_path": "/nix/store/78yl72h892mdxdplmnii400xm5v9ypx4-ripgrep-15.1.0"
        },
        "x86_64-linux": {
          "outputs": [
            {
              "name": "out",
              "path": "/nix/store/2fngznir58zqpvg2wl7iy5amlsbzhf9p-ripgrep-15.1.0",
              "default": true
            }
          ],
          "store_path": "/nix/store/2fngznir58zqpvg2wl7iy5amlsbzhf9p-ripgrep-15.1.0"
        }
      }
    },
    "tree-sitter@latest": {
      "last_modified": "2025-12-31T03:27:36Z",
      "resolved": "github:NixOS/nixpkgs/f665af0cdb70ed27e1bd8f9fdfecaf451260fc55#tree-sitter",
      "source": "devbox-search",
      "version": "0.25.10",
      "systems": {
        "aarch64-darwin": {
          "outputs": [
            {
              "name": "out",
              "path": "/nix/store/8j6v8ypirwdyjxps3i8vbxbgwwwsy8bm-tree-sitter-0.25.10",
              "default": true
            }
          ],
          "store_path": "/nix/store/8j6v8ypirwdyjxps3i8vbxbgwwwsy8bm-tree-sitter-0.25.10"
        },
        "aarch64-linux": {
          "outputs": [
            {
              "name": "out",
              "path": "/nix/store/cxmbpvxx3nzq6x9pr8hv7s2fl06s113n-tree-sitter-0.25.10",
              "default": true
            }
          ],
          "store_path": "/nix/store/cxmbpvxx3nzq6x9pr8hv7s2fl06s113n-tree-sitter-0.25.10"
        },
        "x86_64-darwin": {
          "outputs": [
            {
              "name": "out",
              "path": "/nix/store/5ia3ll01aq32d6hfbh0jq4yky73rz04l-tree-sitter-0.25.10",
              "default": true
            }
          ],
          "store_path": "/nix/store/5ia3ll01aq32d6hfbh0jq4yky73rz04l-tree-sitter-0.25.10"
        },
        "x86_64-linux": {
          "outputs": [
            {
              "name": "out",
              "path": "/nix/store/qdl0j3dnr9lmn8n1956a6bb7w65wymnd-tree-sitter-0.25.10",
              "default": true
            }
          ],
          "store_path": "/nix/store/qdl0j3dnr9lmn8n1956a6bb7w65wymnd-tree-sitter-0.25.10"
        }
      }
    }
  }
}
